// !$*UTF8*$!
{
	archiveVersion = 1;
	classes = {
	};
	objectVersion = 56;
	objects = {

/* Begin PBXBuildFile section */
		620CE77B291EB10E008448A6 /* CircleButton.swift in Sources */ = {isa = PBXBuildFile; fileRef = 620CE77A291EB10E008448A6 /* CircleButton.swift */; };
		620CE77E291EB6F0008448A6 /* ControlBlock.swift in Sources */ = {isa = PBXBuildFile; fileRef = 620CE77D291EB6F0008448A6 /* ControlBlock.swift */; };
		620CE780291EC313008448A6 /* CustomizationManager.swift in Sources */ = {isa = PBXBuildFile; fileRef = 620CE77F291EC313008448A6 /* CustomizationManager.swift */; };
		62241B862915947D00C6C7B6 /* GameScene.swift in Sources */ = {isa = PBXBuildFile; fileRef = 62241B852915947D00C6C7B6 /* GameScene.swift */; };
		62241B8D2915947E00C6C7B6 /* Assets.xcassets in Resources */ = {isa = PBXBuildFile; fileRef = 62241B8C2915947E00C6C7B6 /* Assets.xcassets */; };
		62241B9A2915950E00C6C7B6 /* SimulationLib.swift in Sources */ = {isa = PBXBuildFile; fileRef = 62241B962915950D00C6C7B6 /* SimulationLib.swift */; };
		62241B9C2915950E00C6C7B6 /* ContentView.swift in Sources */ = {isa = PBXBuildFile; fileRef = 62241B982915950D00C6C7B6 /* ContentView.swift */; };
		62241B9F291597A600C6C7B6 /* Grid.swift in Sources */ = {isa = PBXBuildFile; fileRef = 62241B9E291597A600C6C7B6 /* Grid.swift */; };
		622F6521293E5EA10073ECFF /* SpeedSlider.swift in Sources */ = {isa = PBXBuildFile; fileRef = 622F6520293E5EA10073ECFF /* SpeedSlider.swift */; };
		623AF815293AF0FA00DE23C9 /* basic_presets.plist in Resources */ = {isa = PBXBuildFile; fileRef = 623AF814293AF0FA00DE23C9 /* basic_presets.plist */; };
		623AF817293AF53C00DE23C9 /* PresetsLib.swift in Sources */ = {isa = PBXBuildFile; fileRef = 623AF816293AF53C00DE23C9 /* PresetsLib.swift */; };
		6244787B291BE75E00407FE2 /* Actions.sks in Resources */ = {isa = PBXBuildFile; fileRef = 62447878291BE75E00407FE2 /* Actions.sks */; };
		6244787C291BE75E00407FE2 /* GameScene.sks in Resources */ = {isa = PBXBuildFile; fileRef = 6244787A291BE75E00407FE2 /* GameScene.sks */; };
		6250A6012922CABB000DC7BC /* StepStack.swift in Sources */ = {isa = PBXBuildFile; fileRef = 6250A6002922CABB000DC7BC /* StepStack.swift */; };
		6278533B291707B300A8B5A9 /* CellSprite.swift in Sources */ = {isa = PBXBuildFile; fileRef = 6278533A291707B300A8B5A9 /* CellSprite.swift */; };
		62A96805291B40D90012D1D8 /* LifepadApp.swift in Sources */ = {isa = PBXBuildFile; fileRef = 62A96804291B40D90012D1D8 /* LifepadApp.swift */; };
		62A96818291B47550012D1D8 /* Main.storyboard in Resources */ = {isa = PBXBuildFile; fileRef = 62A96817291B47550012D1D8 /* Main.storyboard */; };
		62CE3425293A9D8B00AB0C76 /* Library.swift in Sources */ = {isa = PBXBuildFile; fileRef = 62CE3424293A9D8B00AB0C76 /* Library.swift */; };
		62CE3427293A9E7100AB0C76 /* PresetCard.swift in Sources */ = {isa = PBXBuildFile; fileRef = 62CE3426293A9E7100AB0C76 /* PresetCard.swift */; };
		62FFE542293BFFB6009C95B4 /* gen_coords.py in Resources */ = {isa = PBXBuildFile; fileRef = 62FFE541293BFFB6009C95B4 /* gen_coords.py */; };
		62FFE550293C1AD1009C95B4 /* ship_presets.plist in Resources */ = {isa = PBXBuildFile; fileRef = 62FFE54D293C1AD1009C95B4 /* ship_presets.plist */; };
		62FFE551293C1AD1009C95B4 /* misc_presets.plist in Resources */ = {isa = PBXBuildFile; fileRef = 62FFE54E293C1AD1009C95B4 /* misc_presets.plist */; };
		62FFE552293C1AD1009C95B4 /* oscillator_presets.plist in Resources */ = {isa = PBXBuildFile; fileRef = 62FFE54F293C1AD1009C95B4 /* oscillator_presets.plist */; };
/* End PBXBuildFile section */

/* Begin PBXFileReference section */
		620CE77A291EB10E008448A6 /* CircleButton.swift */ = {isa = PBXFileReference; lastKnownFileType = sourcecode.swift; path = CircleButton.swift; sourceTree = "<group>"; };
		620CE77D291EB6F0008448A6 /* ControlBlock.swift */ = {isa = PBXFileReference; lastKnownFileType = sourcecode.swift; path = ControlBlock.swift; sourceTree = "<group>"; };
		620CE77F291EC313008448A6 /* CustomizationManager.swift */ = {isa = PBXFileReference; lastKnownFileType = sourcecode.swift; path = CustomizationManager.swift; sourceTree = "<group>"; };
		62241B7C2915947D00C6C7B6 /* lifepad.app */ = {isa = PBXFileReference; explicitFileType = wrapper.application; includeInIndex = 0; path = lifepad.app; sourceTree = BUILT_PRODUCTS_DIR; };
		62241B852915947D00C6C7B6 /* GameScene.swift */ = {isa = PBXFileReference; lastKnownFileType = sourcecode.swift; path = GameScene.swift; sourceTree = "<group>"; };
		62241B8C2915947E00C6C7B6 /* Assets.xcassets */ = {isa = PBXFileReference; lastKnownFileType = folder.assetcatalog; path = Assets.xcassets; sourceTree = "<group>"; };
		62241B962915950D00C6C7B6 /* SimulationLib.swift */ = {isa = PBXFileReference; fileEncoding = 4; lastKnownFileType = sourcecode.swift; path = SimulationLib.swift; sourceTree = "<group>"; };
		62241B982915950D00C6C7B6 /* ContentView.swift */ = {isa = PBXFileReference; fileEncoding = 4; lastKnownFileType = sourcecode.swift; path = ContentView.swift; sourceTree = "<group>"; };
		62241B9E291597A600C6C7B6 /* Grid.swift */ = {isa = PBXFileReference; fileEncoding = 4; lastKnownFileType = sourcecode.swift; path = Grid.swift; sourceTree = "<group>"; };
		622F6520293E5EA10073ECFF /* SpeedSlider.swift */ = {isa = PBXFileReference; lastKnownFileType = sourcecode.swift; path = SpeedSlider.swift; sourceTree = "<group>"; };
		623AF814293AF0FA00DE23C9 /* basic_presets.plist */ = {isa = PBXFileReference; lastKnownFileType = text.plist.xml; path = basic_presets.plist; sourceTree = "<group>"; };
		623AF816293AF53C00DE23C9 /* PresetsLib.swift */ = {isa = PBXFileReference; lastKnownFileType = sourcecode.swift; path = PresetsLib.swift; sourceTree = "<group>"; };
		62447878291BE75E00407FE2 /* Actions.sks */ = {isa = PBXFileReference; lastKnownFileType = file.sks; path = Actions.sks; sourceTree = "<group>"; };
		6244787A291BE75E00407FE2 /* GameScene.sks */ = {isa = PBXFileReference; lastKnownFileType = file.sks; path = GameScene.sks; sourceTree = "<group>"; };
		6250A6002922CABB000DC7BC /* StepStack.swift */ = {isa = PBXFileReference; lastKnownFileType = sourcecode.swift; path = StepStack.swift; sourceTree = "<group>"; };
		6278533A291707B300A8B5A9 /* CellSprite.swift */ = {isa = PBXFileReference; lastKnownFileType = sourcecode.swift; path = CellSprite.swift; sourceTree = "<group>"; };
		62A96804291B40D90012D1D8 /* LifepadApp.swift */ = {isa = PBXFileReference; lastKnownFileType = sourcecode.swift; path = LifepadApp.swift; sourceTree = "<group>"; };
		62A96817291B47550012D1D8 /* Main.storyboard */ = {isa = PBXFileReference; fileEncoding = 4; lastKnownFileType = file.storyboard; path = Main.storyboard; sourceTree = "<group>"; };
		62CE3424293A9D8B00AB0C76 /* Library.swift */ = {isa = PBXFileReference; lastKnownFileType = sourcecode.swift; path = Library.swift; sourceTree = "<group>"; };
		62CE3426293A9E7100AB0C76 /* PresetCard.swift */ = {isa = PBXFileReference; lastKnownFileType = sourcecode.swift; path = PresetCard.swift; sourceTree = "<group>"; };
		62FFE541293BFFB6009C95B4 /* gen_coords.py */ = {isa = PBXFileReference; fileEncoding = 4; lastKnownFileType = text.script.python; path = gen_coords.py; sourceTree = "<group>"; };
		62FFE54D293C1AD1009C95B4 /* ship_presets.plist */ = {isa = PBXFileReference; fileEncoding = 4; lastKnownFileType = text.plist.xml; path = ship_presets.plist; sourceTree = "<group>"; };
		62FFE54E293C1AD1009C95B4 /* misc_presets.plist */ = {isa = PBXFileReference; fileEncoding = 4; lastKnownFileType = text.plist.xml; path = misc_presets.plist; sourceTree = "<group>"; };
		62FFE54F293C1AD1009C95B4 /* oscillator_presets.plist */ = {isa = PBXFileReference; fileEncoding = 4; lastKnownFileType = text.plist.xml; path = oscillator_presets.plist; sourceTree = "<group>"; };
/* End PBXFileReference section */

/* Begin PBXFrameworksBuildPhase section */
		62241B792915947D00C6C7B6 /* Frameworks */ = {
			isa = PBXFrameworksBuildPhase;
			buildActionMask = 2147483647;
			files = (
			);
			runOnlyForDeploymentPostprocessing = 0;
		};
/* End PBXFrameworksBuildPhase section */

/* Begin PBXGroup section */
		62241B732915947D00C6C7B6 = {
			isa = PBXGroup;
			children = (
				62FFE541293BFFB6009C95B4 /* gen_coords.py */,
				62A96804291B40D90012D1D8 /* LifepadApp.swift */,
				62241B7E2915947D00C6C7B6 /* lifepad */,
				62241B7D2915947D00C6C7B6 /* Products */,
			);
			sourceTree = "<group>";
		};
		62241B7D2915947D00C6C7B6 /* Products */ = {
			isa = PBXGroup;
			children = (
				62241B7C2915947D00C6C7B6 /* lifepad.app */,
			);
			name = Products;
			sourceTree = "<group>";
		};
		62241B7E2915947D00C6C7B6 /* lifepad */ = {
			isa = PBXGroup;
			children = (
				6287774F292ACFBD000D0F29 /* compute */,
				6287774E292ACF6C000D0F29 /* sk_elements */,
				6287774D292ACF3A000D0F29 /* ui_elements */,
				62241B982915950D00C6C7B6 /* ContentView.swift */,
				62241BA22915A8EA00C6C7B6 /* spritekit_binaries */,
				62241B8C2915947E00C6C7B6 /* Assets.xcassets */,
				623AF814293AF0FA00DE23C9 /* basic_presets.plist */,
				62FFE54E293C1AD1009C95B4 /* misc_presets.plist */,
				62FFE54F293C1AD1009C95B4 /* oscillator_presets.plist */,
				62FFE54D293C1AD1009C95B4 /* ship_presets.plist */,
			);
			path = lifepad;
			sourceTree = "<group>";
		};
		62241BA22915A8EA00C6C7B6 /* spritekit_binaries */ = {
			isa = PBXGroup;
			children = (
				62A96817291B47550012D1D8 /* Main.storyboard */,
				62447878291BE75E00407FE2 /* Actions.sks */,
				6244787A291BE75E00407FE2 /* GameScene.sks */,
			);
			path = spritekit_binaries;
			sourceTree = "<group>";
		};
		6287774D292ACF3A000D0F29 /* ui_elements */ = {
			isa = PBXGroup;
			children = (
				620CE77D291EB6F0008448A6 /* ControlBlock.swift */,
				620CE77A291EB10E008448A6 /* CircleButton.swift */,
				62CE3424293A9D8B00AB0C76 /* Library.swift */,
				62CE3426293A9E7100AB0C76 /* PresetCard.swift */,
				622F6520293E5EA10073ECFF /* SpeedSlider.swift */,
			);
			path = ui_elements;
			sourceTree = "<group>";
		};
		6287774E292ACF6C000D0F29 /* sk_elements */ = {
			isa = PBXGroup;
			children = (
				62241B852915947D00C6C7B6 /* GameScene.swift */,
				62241B9E291597A600C6C7B6 /* Grid.swift */,
				6278533A291707B300A8B5A9 /* CellSprite.swift */,
			);
			path = sk_elements;
			sourceTree = "<group>";
		};
		6287774F292ACFBD000D0F29 /* compute */ = {
			isa = PBXGroup;
			children = (
				6250A6002922CABB000DC7BC /* StepStack.swift */,
				620CE77F291EC313008448A6 /* CustomizationManager.swift */,
				62241B962915950D00C6C7B6 /* SimulationLib.swift */,
				623AF816293AF53C00DE23C9 /* PresetsLib.swift */,
			);
			path = compute;
			sourceTree = "<group>";
		};
/* End PBXGroup section */

/* Begin PBXNativeTarget section */
		62241B7B2915947D00C6C7B6 /* lifepad */ = {
			isa = PBXNativeTarget;
			buildConfigurationList = 62241B932915947E00C6C7B6 /* Build configuration list for PBXNativeTarget "lifepad" */;
			buildPhases = (
				62241B782915947D00C6C7B6 /* Sources */,
				62241B792915947D00C6C7B6 /* Frameworks */,
				62241B7A2915947D00C6C7B6 /* Resources */,
			);
			buildRules = (
			);
			dependencies = (
			);
			name = lifepad;
			productName = lifepad;
			productReference = 62241B7C2915947D00C6C7B6 /* lifepad.app */;
			productType = "com.apple.product-type.application";
		};
/* End PBXNativeTarget section */

/* Begin PBXProject section */
		62241B742915947D00C6C7B6 /* Project object */ = {
			isa = PBXProject;
			attributes = {
				BuildIndependentTargetsInParallel = 1;
				LastSwiftUpdateCheck = 1400;
				LastUpgradeCheck = 1400;
				TargetAttributes = {
					62241B7B2915947D00C6C7B6 = {
						CreatedOnToolsVersion = 14.0.1;
					};
				};
			};
			buildConfigurationList = 62241B772915947D00C6C7B6 /* Build configuration list for PBXProject "lifepad" */;
			compatibilityVersion = "Xcode 14.0";
			developmentRegion = en;
			hasScannedForEncodings = 0;
			knownRegions = (
				en,
				Base,
			);
			mainGroup = 62241B732915947D00C6C7B6;
			productRefGroup = 62241B7D2915947D00C6C7B6 /* Products */;
			projectDirPath = "";
			projectRoot = "";
			targets = (
				62241B7B2915947D00C6C7B6 /* lifepad */,
			);
		};
/* End PBXProject section */

/* Begin PBXResourcesBuildPhase section */
		62241B7A2915947D00C6C7B6 /* Resources */ = {
			isa = PBXResourcesBuildPhase;
			buildActionMask = 2147483647;
			files = (
				623AF815293AF0FA00DE23C9 /* basic_presets.plist in Resources */,
				62FFE552293C1AD1009C95B4 /* oscillator_presets.plist in Resources */,
				62241B8D2915947E00C6C7B6 /* Assets.xcassets in Resources */,
				62A96818291B47550012D1D8 /* Main.storyboard in Resources */,
				6244787C291BE75E00407FE2 /* GameScene.sks in Resources */,
				62FFE542293BFFB6009C95B4 /* gen_coords.py in Resources */,
				62FFE551293C1AD1009C95B4 /* misc_presets.plist in Resources */,
				6244787B291BE75E00407FE2 /* Actions.sks in Resources */,
				62FFE550293C1AD1009C95B4 /* ship_presets.plist in Resources */,
			);
			runOnlyForDeploymentPostprocessing = 0;
		};
/* End PBXResourcesBuildPhase section */

/* Begin PBXSourcesBuildPhase section */
		62241B782915947D00C6C7B6 /* Sources */ = {
			isa = PBXSourcesBuildPhase;
			buildActionMask = 2147483647;
			files = (
				620CE77B291EB10E008448A6 /* CircleButton.swift in Sources */,
				62241B9A2915950E00C6C7B6 /* SimulationLib.swift in Sources */,
				620CE77E291EB6F0008448A6 /* ControlBlock.swift in Sources */,
				6250A6012922CABB000DC7BC /* StepStack.swift in Sources */,
				62241B9C2915950E00C6C7B6 /* ContentView.swift in Sources */,
				62CE3425293A9D8B00AB0C76 /* Library.swift in Sources */,
				620CE780291EC313008448A6 /* CustomizationManager.swift in Sources */,
				62241B9F291597A600C6C7B6 /* Grid.swift in Sources */,
				62CE3427293A9E7100AB0C76 /* PresetCard.swift in Sources */,
				62A96805291B40D90012D1D8 /* LifepadApp.swift in Sources */,
				622F6521293E5EA10073ECFF /* SpeedSlider.swift in Sources */,
				6278533B291707B300A8B5A9 /* CellSprite.swift in Sources */,
				623AF817293AF53C00DE23C9 /* PresetsLib.swift in Sources */,
				62241B862915947D00C6C7B6 /* GameScene.swift in Sources */,
			);
			runOnlyForDeploymentPostprocessing = 0;
		};
/* End PBXSourcesBuildPhase section */

/* Begin XCBuildConfiguration section */
		62241B912915947E00C6C7B6 /* Debug */ = {
			isa = XCBuildConfiguration;
			buildSettings = {
				ALWAYS_SEARCH_USER_PATHS = NO;
				CLANG_ANALYZER_NONNULL = YES;
				CLANG_ANALYZER_NUMBER_OBJECT_CONVERSION = YES_AGGRESSIVE;
				CLANG_CXX_LANGUAGE_STANDARD = "gnu++20";
				CLANG_ENABLE_MODULES = YES;
				CLANG_ENABLE_OBJC_ARC = YES;
				CLANG_ENABLE_OBJC_WEAK = YES;
				CLANG_WARN_BLOCK_CAPTURE_AUTORELEASING = YES;
				CLANG_WARN_BOOL_CONVERSION = YES;
				CLANG_WARN_COMMA = YES;
				CLANG_WARN_CONSTANT_CONVERSION = YES;
				CLANG_WARN_DEPRECATED_OBJC_IMPLEMENTATIONS = YES;
				CLANG_WARN_DIRECT_OBJC_ISA_USAGE = YES_ERROR;
				CLANG_WARN_DOCUMENTATION_COMMENTS = YES;
				CLANG_WARN_EMPTY_BODY = YES;
				CLANG_WARN_ENUM_CONVERSION = YES;
				CLANG_WARN_INFINITE_RECURSION = YES;
				CLANG_WARN_INT_CONVERSION = YES;
				CLANG_WARN_NON_LITERAL_NULL_CONVERSION = YES;
				CLANG_WARN_OBJC_IMPLICIT_RETAIN_SELF = YES;
				CLANG_WARN_OBJC_LITERAL_CONVERSION = YES;
				CLANG_WARN_OBJC_ROOT_CLASS = YES_ERROR;
				CLANG_WARN_QUOTED_INCLUDE_IN_FRAMEWORK_HEADER = YES;
				CLANG_WARN_RANGE_LOOP_ANALYSIS = YES;
				CLANG_WARN_STRICT_PROTOTYPES = YES;
				CLANG_WARN_SUSPICIOUS_MOVE = YES;
				CLANG_WARN_UNGUARDED_AVAILABILITY = YES_AGGRESSIVE;
				CLANG_WARN_UNREACHABLE_CODE = YES;
				CLANG_WARN__DUPLICATE_METHOD_MATCH = YES;
				COPY_PHASE_STRIP = NO;
				DEBUG_INFORMATION_FORMAT = dwarf;
				ENABLE_STRICT_OBJC_MSGSEND = YES;
				ENABLE_TESTABILITY = YES;
				GCC_C_LANGUAGE_STANDARD = gnu11;
				GCC_DYNAMIC_NO_PIC = NO;
				GCC_NO_COMMON_BLOCKS = YES;
				GCC_OPTIMIZATION_LEVEL = 0;
				GCC_PREPROCESSOR_DEFINITIONS = (
					"DEBUG=1",
					"$(inherited)",
				);
				GCC_WARN_64_TO_32_BIT_CONVERSION = YES;
				GCC_WARN_ABOUT_RETURN_TYPE = YES_ERROR;
				GCC_WARN_UNDECLARED_SELECTOR = YES;
				GCC_WARN_UNINITIALIZED_AUTOS = YES_AGGRESSIVE;
				GCC_WARN_UNUSED_FUNCTION = YES;
				GCC_WARN_UNUSED_VARIABLE = YES;
				IPHONEOS_DEPLOYMENT_TARGET = 16.0;
				MTL_ENABLE_DEBUG_INFO = INCLUDE_SOURCE;
				MTL_FAST_MATH = YES;
				ONLY_ACTIVE_ARCH = YES;
				SDKROOT = iphoneos;
				SWIFT_ACTIVE_COMPILATION_CONDITIONS = DEBUG;
				SWIFT_OPTIMIZATION_LEVEL = "-Onone";
			};
			name = Debug;
		};
		62241B922915947E00C6C7B6 /* Release */ = {
			isa = XCBuildConfiguration;
			buildSettings = {
				ALWAYS_SEARCH_USER_PATHS = NO;
				CLANG_ANALYZER_NONNULL = YES;
				CLANG_ANALYZER_NUMBER_OBJECT_CONVERSION = YES_AGGRESSIVE;
				CLANG_CXX_LANGUAGE_STANDARD = "gnu++20";
				CLANG_ENABLE_MODULES = YES;
				CLANG_ENABLE_OBJC_ARC = YES;
				CLANG_ENABLE_OBJC_WEAK = YES;
				CLANG_WARN_BLOCK_CAPTURE_AUTORELEASING = YES;
				CLANG_WARN_BOOL_CONVERSION = YES;
				CLANG_WARN_COMMA = YES;
				CLANG_WARN_CONSTANT_CONVERSION = YES;
				CLANG_WARN_DEPRECATED_OBJC_IMPLEMENTATIONS = YES;
				CLANG_WARN_DIRECT_OBJC_ISA_USAGE = YES_ERROR;
				CLANG_WARN_DOCUMENTATION_COMMENTS = YES;
				CLANG_WARN_EMPTY_BODY = YES;
				CLANG_WARN_ENUM_CONVERSION = YES;
				CLANG_WARN_INFINITE_RECURSION = YES;
				CLANG_WARN_INT_CONVERSION = YES;
				CLANG_WARN_NON_LITERAL_NULL_CONVERSION = YES;
				CLANG_WARN_OBJC_IMPLICIT_RETAIN_SELF = YES;
				CLANG_WARN_OBJC_LITERAL_CONVERSION = YES;
				CLANG_WARN_OBJC_ROOT_CLASS = YES_ERROR;
				CLANG_WARN_QUOTED_INCLUDE_IN_FRAMEWORK_HEADER = YES;
				CLANG_WARN_RANGE_LOOP_ANALYSIS = YES;
				CLANG_WARN_STRICT_PROTOTYPES = YES;
				CLANG_WARN_SUSPICIOUS_MOVE = YES;
				CLANG_WARN_UNGUARDED_AVAILABILITY = YES_AGGRESSIVE;
				CLANG_WARN_UNREACHABLE_CODE = YES;
				CLANG_WARN__DUPLICATE_METHOD_MATCH = YES;
				COPY_PHASE_STRIP = NO;
				DEBUG_INFORMATION_FORMAT = "dwarf-with-dsym";
				ENABLE_NS_ASSERTIONS = NO;
				ENABLE_STRICT_OBJC_MSGSEND = YES;
				GCC_C_LANGUAGE_STANDARD = gnu11;
				GCC_NO_COMMON_BLOCKS = YES;
				GCC_WARN_64_TO_32_BIT_CONVERSION = YES;
				GCC_WARN_ABOUT_RETURN_TYPE = YES_ERROR;
				GCC_WARN_UNDECLARED_SELECTOR = YES;
				GCC_WARN_UNINITIALIZED_AUTOS = YES_AGGRESSIVE;
				GCC_WARN_UNUSED_FUNCTION = YES;
				GCC_WARN_UNUSED_VARIABLE = YES;
				IPHONEOS_DEPLOYMENT_TARGET = 16.0;
				MTL_ENABLE_DEBUG_INFO = NO;
				MTL_FAST_MATH = YES;
				SDKROOT = iphoneos;
				SWIFT_COMPILATION_MODE = wholemodule;
				SWIFT_OPTIMIZATION_LEVEL = "-O";
				VALIDATE_PRODUCT = YES;
			};
			name = Release;
		};
		62241B942915947E00C6C7B6 /* Debug */ = {
			isa = XCBuildConfiguration;
			buildSettings = {
				ASSETCATALOG_COMPILER_APPICON_NAME = AppIcon;
				ASSETCATALOG_COMPILER_GLOBAL_ACCENT_COLOR_NAME = AccentColor;
				CODE_SIGN_STYLE = Automatic;
				CURRENT_PROJECT_VERSION = 1;
				DEVELOPMENT_TEAM = 559P58CJZ6;
				GENERATE_INFOPLIST_FILE = YES;
				INFOPLIST_KEY_UIApplicationSupportsIndirectInputEvents = YES;
				INFOPLIST_KEY_UILaunchStoryboardName = LaunchScreen;
				INFOPLIST_KEY_UIMainStoryboardFile = Main;
				INFOPLIST_KEY_UIStatusBarHidden = YES;
				INFOPLIST_KEY_UISupportedInterfaceOrientations_iPad = "UIInterfaceOrientationPortrait UIInterfaceOrientationPortraitUpsideDown UIInterfaceOrientationLandscapeLeft UIInterfaceOrientationLandscapeRight";
				INFOPLIST_KEY_UISupportedInterfaceOrientations_iPhone = "UIInterfaceOrientationPortrait UIInterfaceOrientationLandscapeLeft UIInterfaceOrientationLandscapeRight";
				IPHONEOS_DEPLOYMENT_TARGET = 15.6;
				LD_RUNPATH_SEARCH_PATHS = (
					"$(inherited)",
					"@executable_path/Frameworks",
				);
				MARKETING_VERSION = 1.0;
				PRODUCT_BUNDLE_IDENTIFIER = com.mceld.luke.lifepad;
				PRODUCT_NAME = "$(TARGET_NAME)";
				SWIFT_EMIT_LOC_STRINGS = YES;
				SWIFT_VERSION = 5.0;
				TARGETED_DEVICE_FAMILY = "1,2";
			};
			name = Debug;
		};
		62241B952915947E00C6C7B6 /* Release */ = {
			isa = XCBuildConfiguration;
			buildSettings = {
				ASSETCATALOG_COMPILER_APPICON_NAME = AppIcon;
				ASSETCATALOG_COMPILER_GLOBAL_ACCENT_COLOR_NAME = AccentColor;
				CODE_SIGN_STYLE = Automatic;
				CURRENT_PROJECT_VERSION = 1;
				DEVELOPMENT_TEAM = 559P58CJZ6;
				GENERATE_INFOPLIST_FILE = YES;
				INFOPLIST_KEY_UIApplicationSupportsIndirectInputEvents = YES;
				INFOPLIST_KEY_UILaunchStoryboardName = LaunchScreen;
				INFOPLIST_KEY_UIMainStoryboardFile = Main;
				INFOPLIST_KEY_UIStatusBarHidden = YES;
				INFOPLIST_KEY_UISupportedInterfaceOrientations_iPad = "UIInterfaceOrientationPortrait UIInterfaceOrientationPortraitUpsideDown UIInterfaceOrientationLandscapeLeft UIInterfaceOrientationLandscapeRight";
				INFOPLIST_KEY_UISupportedInterfaceOrientations_iPhone = "UIInterfaceOrientationPortrait UIInterfaceOrientationLandscapeLeft UIInterfaceOrientationLandscapeRight";
				IPHONEOS_DEPLOYMENT_TARGET = 15.6;
				LD_RUNPATH_SEARCH_PATHS = (
					"$(inherited)",
					"@executable_path/Frameworks",
				);
				MARKETING_VERSION = 1.0;
				PRODUCT_BUNDLE_IDENTIFIER = com.mceld.luke.lifepad;
				PRODUCT_NAME = "$(TARGET_NAME)";
				SWIFT_EMIT_LOC_STRINGS = YES;
				SWIFT_VERSION = 5.0;
				TARGETED_DEVICE_FAMILY = "1,2";
			};
			name = Release;
		};
/* End XCBuildConfiguration section */

/* Begin XCConfigurationList section */
		62241B772915947D00C6C7B6 /* Build configuration list for PBXProject "lifepad" */ = {
			isa = XCConfigurationList;
			buildConfigurations = (
				62241B912915947E00C6C7B6 /* Debug */,
				62241B922915947E00C6C7B6 /* Release */,
			);
			defaultConfigurationIsVisible = 0;
			defaultConfigurationName = Release;
		};
		62241B932915947E00C6C7B6 /* Build configuration list for PBXNativeTarget "lifepad" */ = {
			isa = XCConfigurationList;
			buildConfigurations = (
				62241B942915947E00C6C7B6 /* Debug */,
				62241B952915947E00C6C7B6 /* Release */,
			);
			defaultConfigurationIsVisible = 0;
			defaultConfigurationName = Release;
		};
/* End XCConfigurationList section */
	};
	rootObject = 62241B742915947D00C6C7B6 /* Project object */;
}
